
Microsoft Visual Studio Solution File, Format Version 12.00
# Visual Studio 15
VisualStudioVersion = 15.0.26730.16
MinimumVisualStudioVersion = 10.0.40219.1
Project("{FAE04EC0-301F-11D3-BF4B-00C04F79EFBC}") = "AVSketch", "AVSketch\AVSketch.csproj", "{CF6526F9-3FA9-4E24-927B-AF58E3B1772C}"
EndProject
Global
	GlobalSection(SolutionConfigurationPlatforms) = preSolution
		Debug|Any CPU = Debug|Any CPU
		Release|Any CPU = Release|Any CPU
	EndGlobalSection
	GlobalSection(ProjectConfigurationPlatforms) = postSolution
		{CF6526F9-3FA9-4E24-927B-AF58E3B1772C}.Debug|Any CPU.ActiveCfg = Debug|Any CPU
		{CF6526F9-3FA9-4E24-927B-AF58E3B1772C}.Debug|Any CPU.Build.0 = Debug|Any CPU
		{CF6526F9-3FA9-4E24-927B-AF58E3B1772C}.Release|Any CPU.ActiveCfg = Release|Any CPU
		{CF6526F9-3FA9-4E24-927B-AF58E3B1772C}.Release|Any CPU.Build.0 = Release|Any CPU
	EndGlobalSection
	GlobalSection(SolutionProperties) = preSolution
		HideSolutionNode = FALSE
	EndGlobalSection
	GlobalSection(ExtensibilityGlobals) = postSolution
		SolutionGuid = {AB141292-1BE0-4EAD-A20B-BD1BB762E78E}
	EndGlobalSection
EndGlobal
